
Microsoft Visual Studio Solution File, Format Version 12.00
# Visual Studio Version 16
VisualStudioVersion = 16.0.29418.71
MinimumVisualStudioVersion = 10.0.40219.1
Project("{FAE04EC0-301F-11D3-BF4B-00C04F79EFBC}") = "TrustedDoge.DecimalExtensions", "TrustedDoge.DecimalExtensions\TrustedDoge.DecimalExtensions.csproj", "{505D839E-A823-47AD-835A-554393298ED7}"
EndProject
Global
	GlobalSection(SolutionConfigurationPlatforms) = preSolution
		Debug|Any CPU = Debug|Any CPU
		Release|Any CPU = Release|Any CPU
	EndGlobalSection
	GlobalSection(ProjectConfigurationPlatforms) = postSolution
		{505D839E-A823-47AD-835A-554393298ED7}.Debug|Any CPU.ActiveCfg = Debug|Any CPU
		{505D839E-A823-47AD-835A-554393298ED7}.Debug|Any CPU.Build.0 = Debug|Any CPU
		{505D839E-A823-47AD-835A-554393298ED7}.Release|Any CPU.ActiveCfg = Release|Any CPU
		{505D839E-A823-47AD-835A-554393298ED7}.Release|Any CPU.Build.0 = Release|Any CPU
	EndGlobalSection
	GlobalSection(SolutionProperties) = preSolution
		HideSolutionNode = FALSE
	EndGlobalSection
	GlobalSection(ExtensibilityGlobals) = postSolution
		SolutionGuid = {6EAA2785-2DB4-475E-9468-5F485C1C7E1E}
	EndGlobalSection
EndGlobal
